{
  "nodes": {
    "flake-compat": {
      "flake": false,
      "locked": {
        "lastModified": 1777699697,
        "narHash": "sha256-Eg9b/rq/ECYwNwEXs5i9wHyhxNI0JrYx2srdI2uZMaQ=",
        "ref": "refs/heads/main",
        "rev": "382052b74656a369c5408822af3f2501e9b1af81",
        "revCount": 94,
        "type": "git",
        "url": "https://git.lix.systems/lix-project/flake-compat.git"
      },
      "original": {
        "type": "git",
        "url": "https://git.lix.systems/lix-project/flake-compat.git"
      }
    },
    "flexbox": {
      "flake": false,
      "locked": {
        "lastModified": 1788762645,
        "narHash": "sha256-MEVf0wi3i5K5OKR8trCm+KHaQ81PfZx0/a40+2Hkg84=",
        "type": "tarball",
        "url": "https://github.com/yuuqilin/FlexFox/releases/download/v7.0.0/FlexFox-v7.0.0.zip"
      },
      "original": {
        "type": "tarball",
        "url": "https://github.com/yuuqilin/FlexFox/releases/download/v7.0.0/FlexFox-v7.0.0.zip"
      }
    },
    "home-manager": {
      "inputs": {
        "nixpkgs": "nixpkgs"
      },
      "locked": {
        "lastModified": 1788651960,
        "narHash": "sha256-v9wJd32eZ2bvhBzVOd7TIjLQd011P7nwOhjKtWlci5I=",
        "owner": "nix-community",
        "repo": "home-manager",
        "rev": "2c0350c759688177331b8f5242311fae8877bdb3",
        "type": "github"
      },
      "original": {
        "owner": "nix-community",
        "repo": "home-manager",
        "type": "github"
      }
    },
    "mnw": {
      "locked": {
        "lastModified": 1780772958,
        "narHash": "sha256-VKKe8r4pwCGWZ3Yr9CPN129R4S3CKLSrlYqdYz3vKpM=",
        "owner": "Gerg-L",
        "repo": "mnw",
        "rev": "0871dbf63a53610c95db04439ed8ea4d6ec9c160",
        "type": "github"
      },
      "original": {
        "owner": "Gerg-L",
        "repo": "mnw",
        "type": "github"
      }
    },
    "nixpkgs": {
      "locked": {
        "lastModified": 1787964612,
        "narHash": "sha256-0N9nghg3nwzX6b6qc77EzjR9cu/Z+UR66FlfsCqiURs=",
        "owner": "NixOS",
        "repo": "nixpkgs",
        "rev": "e8be7818e19ada32105a8af937a6a473b38167ca",
        "type": "github"
      },
      "original": {
        "owner": "NixOS",
        "ref": "nixpkgs-unstable",
        "repo": "nixpkgs",
        "type": "github"
      }
    },
    "nixpkgs_2": {
      "locked": {
        "lastModified": 1788752844,
        "narHash": "sha256-VaWGJ6+cIYN2erfSecbRV+4ljI185Ty2wUrXyvQbgOw=",
        "owner": "NixOS",
        "repo": "nixpkgs",
        "rev": "dc5d91f840324650bac8c379428c7037a416959a",
        "type": "github"
      },
      "original": {
        "owner": "NixOS",
        "ref": "nixos-unstable",
        "repo": "nixpkgs",
        "type": "github"
      }
    },
    "nixpkgs_3": {
      "locked": {
        "lastModified": 1788614874,
        "narHash": "sha256-PRK1fSEiAcO29DkUoOlsVLGYRK3h1YKVr+qQJB0VcYQ=",
        "rev": "c043004d1c6985732bcc1cbc5a9c9aecbbb4e0f0",
        "type": "tarball",
        "url": "https://releases.nixos.org/nixos/unstable/nixos-26.11pre1068089.c043004d1c69/nixexprs.tar.zst"
      },
      "original": {
        "type": "tarball",
        "url": "https://channels.nixos.org/nixos-unstable/nixexprs.tar.zst"
      }
    },
    "nixpkgs_4": {
      "locked": {
        "lastModified": 1787498568,
        "narHash": "sha256-FoOSoBG7tEvOlGRTpWnVdY506Ner4y7r7UYO3OGgmE8=",
        "rev": "56c02bc00adcf003215cc4bd996d6efaf4cff188",
        "type": "tarball",
        "url": "https://releases.nixos.org/nixos/unstable/nixos-26.11pre1060451.56c02bc00adc/nixexprs.tar.xz"
      },
      "original": {
        "type": "tarball",
        "url": "https://channels.nixos.org/nixos-unstable/nixexprs.tar.xz"
      }
    },
    "noctalia": {
      "inputs": {
        "nixpkgs": "nixpkgs_3"
      },
      "locked": {
        "lastModified": 1788799422,
        "narHash": "sha256-qvTkohG0uhssGyvjh9OrR/R2jAQzLJdeh9/ogMj6Y/A=",
        "owner": "noctalia-dev",
        "repo": "noctalia",
        "rev": "44371790dd669d648ff959175e9e55d6e603175f",
        "type": "github"
      },
      "original": {
        "owner": "noctalia-dev",
        "ref": "cachix",
        "repo": "noctalia",
        "type": "github"
      }
    },
    "nvf": {
      "inputs": {
        "flake-compat": "flake-compat",
        "mnw": "mnw",
        "nixpkgs": "nixpkgs_4"
      },
      "locked": {
        "lastModified": 1788873411,
        "narHash": "sha256-PEcPDc5QRRlzYYGQuGuh7OMMLZ1TC5hLHt3whFBRSS0=",
        "owner": "notashelf",
        "repo": "nvf",
        "rev": "4771b6b78c203c090799ca6984d73c54e77228d6",
        "type": "github"
      },
      "original": {
        "owner": "notashelf",
        "repo": "nvf",
        "type": "github"
      }
    },
    "root": {
      "inputs": {
        "flexbox": "flexbox",
        "home-manager": "home-manager",
        "nixpkgs": "nixpkgs_2",
        "noctalia": "noctalia",
        "nvf": "nvf",
        "zen-browser": "zen-browser"
      }
    },
    "zen-browser": {
      "inputs": {
        "home-manager": [
          "home-manager"
        ],
        "nixpkgs": [
          "nixpkgs"
        ]
      },
      "locked": {
        "lastModified": 1788750954,
        "narHash": "sha256-EYvJQO94UaWA+a6q93pUxvJ9+nULWvwgBQYvR1h3fLI=",
        "owner": "0xc000022070",
        "repo": "zen-browser-flake",
        "rev": "c23f077620acaf093f581172604656f59d450b46",
        "type": "github"
      },
      "original": {
        "owner": "0xc000022070",
        "repo": "zen-browser-flake",
        "type": "github"
      }
    }
  },
  "root": "root",
  "version": 7
}
